<Solution>
  <Configurations>
    <Platform Name="Any CPU" />
    <Platform Name="x64" />
    <Platform Name="x86" />
  </Configurations>
  <Folder Name="/externals/" />
  <Folder Name="/externals/vscode-wpf/" />
  <Folder Name="/externals/vscode-wpf/external/" />
  <Folder Name="/externals/vscode-wpf/external/WpfDesigner/" />
  <Folder Name="/externals/vscode-wpf/external/WpfDesigner/WpfDesign.Designer/" />
  <Folder Name="/externals/vscode-wpf/external/WpfDesigner/WpfDesign.Designer/Project/">
    <Project Path="externals/vscode-wpf/external/WpfDesigner/WpfDesign.Designer/Project/WpfDesign.Designer.csproj" />
  </Folder>
  <Folder Name="/externals/vscode-wpf/external/WpfDesigner/WpfDesign.XamlDom/" />
  <Folder Name="/externals/vscode-wpf/external/WpfDesigner/WpfDesign.XamlDom/Project/">
    <Project Path="externals/vscode-wpf/external/WpfDesigner/WpfDesign.XamlDom/Project/WpfDesign.XamlDom.csproj" />
  </Folder>
  <Folder Name="/externals/vscode-wpf/external/WpfDesigner/WpfDesign/" />
  <Folder Name="/externals/vscode-wpf/external/WpfDesigner/WpfDesign/Project/">
    <Project Path="externals/vscode-wpf/external/WpfDesigner/WpfDesign/Project/WpfDesign.csproj" />
  </Folder>
  <Folder Name="/src/" />
  <Folder Name="/src/Libraries/">
  <Folder Name="/src/Libraries/MewUI.Xaml/">
    <Project Path="src/Libraries/MewUI.Xaml/LeXtudio.MewUI.Xaml.csproj" />
    <Project Path="src/Libraries/MewUI.Xaml.Tests/LeXtudio.MewUI.Xaml.Tests.csproj" />
  </Folder>
    <Project Path="src/Libraries/ICSharpCode.TypeSystem.Abstractions/ICSharpCode.TypeSystem.Abstractions.csproj" />
  </Folder>
  <Folder Name="/src/Libraries/AvalonDock/">
    <Project Path="src/Libraries/AvalonDock/source/Components/AvalonDock.Serializer.Xml/AvalonDock.Serializer.Xml.csproj" />
    <Project Path="src/Libraries/AvalonDock/source/Components/AvalonDock/AvalonDock.csproj" />
  </Folder>
  <Folder Name="/src/Libraries/AvalonEdit/">
    <Project Path="src/Libraries/AvalonEdit/ICSharpCode.AvalonEdit/ICSharpCode.AvalonEdit.csproj" />
  </Folder>
  <Folder Name="/src/Main/">
    <Project Path="src/Main/Designer/Designer.Remote/Designer.Remote.csproj" />
    <Project Path="src/Main/Designer/Designer.Server/Designer.Server.csproj" />
    <Project Path="src/Main/Designer/Designer.Presentation/Designer.Presentation.csproj" />
    <Project Path="src/Main/ICSharpCode.Core.Presentation/ICSharpCode.Core.Presentation.csproj" />
    <Project Path="src/Main/ICSharpCode.Core.WinForms/ICSharpCode.Core.WinForms.csproj" />
  </Folder>
  <Folder Name="/src/Main/Core/" />
  <Folder Name="/src/Main/Core/Project/">
    <Project Path="src/Main/Core/Project/ICSharpCode.Core.csproj" />
  </Folder>
  <Folder Name="/src/Main/Designer/" />
  <Folder Name="/src/Main/ICSharpCode.SharpDevelop.Widgets/" />
  <Folder Name="/src/AddIns/Misc/StartPage/">
    <Project Path="src/AddIns/Misc/StartPage/Project/StartPage.csproj" />
  </Folder>
  <Folder Name="/src/AddIns/Debugger/">
    <Project Path="src/AddIns/Debugger/Debugger.AddIn/Debugger.AddIn.csproj" />
  </Folder>
  <Folder Name="/src/AddIns/DisplayBindings/" />
  <Folder Name="/src/AddIns/DisplayBindings/AvalonEdit.AddIn/">
    <Project Path="src/AddIns/DisplayBindings/AvalonEdit.AddIn/AvalonEdit.AddIn.csproj" />
  </Folder>
  <Folder Name="/src/AddIns/DisplayBindings/ILSpyAddIn/">
    <Project Path="src/AddIns/DisplayBindings/ILSpyAddIn/ILSpyAddIn.csproj" />
  </Folder>
  <Folder Name="/src/AddIns/DisplayBindings/WpfDesign/">
    <Project Path="src/AddIns/DisplayBindings/WpfDesign/WpfDesign.AddIn/WpfDesign.AddIn.csproj" />
    <Project Path="src/AddIns/DisplayBindings/WpfDesign/WpfDesign.SurfaceHost.Remote/WpfDesign.SurfaceHost.Remote.csproj" />
    <Project Path="src/AddIns/DisplayBindings/WpfDesign/WpfDesign.SurfaceHost/WpfDesign.SurfaceHost.csproj" />
  </Folder>
  <Folder Name="/src/AddIns/DisplayBindings/MewUIDesigner/">
    <Project Path="src/AddIns/DisplayBindings/MewUIDesigner/MewUIDesigner.csproj" />
    <Project Path="src/AddIns/DisplayBindings/MewUIDesigner.Host/MewUIDesigner.Host.csproj" />
  </Folder>
  <Folder Name="/src/AddIns/DisplayBindings/GtkDesigner/">
    <Project Path="src/AddIns/DisplayBindings/GtkDesigner/GtkDesigner.csproj" />
    <Project Path="src/AddIns/DisplayBindings/GtkDesigner.Host/GtkDesigner.Host.csproj" />
  </Folder>
  <Folder Name="/src/AddIns/DisplayBindings/StrideGameStudio/">
    <Project Path="src/AddIns/DisplayBindings/StrideGameStudio/StrideGameStudio.AddIn/ICSharpCode.StrideGameStudio.csproj" />
  </Folder>
  <Folder Name="/src/AddIns/DisplayBindings/WinUIXamlDesigner/">
    <Project Path="src/AddIns/DisplayBindings/WinUIXamlDesigner/WinUIXamlDesigner.AddIn/ICSharpCode.WinUIXamlDesigner.csproj" />
    <Project Path="src/AddIns/DisplayBindings/WinUIXamlDesigner/XamlStudio.Toolkit.ProGPU/XamlStudio.Toolkit.ProGPU.csproj" />
    <Project Path="src/AddIns/DisplayBindings/WinUIXamlDesigner/WinUIXamlDesigner.ProGPUHost/ICSharpCode.WinUIXamlDesigner.ProGPUHost.csproj" />
    <Project Path="src/AddIns/DisplayBindings/WinUIXamlDesigner/WinUIXamlDesigner.UnoHost/WinUIXamlDesigner.UnoHost.csproj" />
    <Project Path="src/AddIns/DisplayBindings/WinUIXamlDesigner/WinUIXamlDesigner.UnoDesignHost/ICSharpCode.WinUIXamlDesigner.UnoDesignHost.csproj" />
    <Project Path="src/AddIns/DisplayBindings/WinUIXamlDesigner/WinUIXamlDesigner.UnoDesignHost.Remote/WinUIXamlDesigner.UnoDesignHost.Remote.csproj" />
    <Project Path="src/AddIns/DisplayBindings/WinUIXamlDesigner/WinUIXamlDesigner.UnoHost.Tests/WinUIXamlDesigner.UnoHost.Tests.csproj" />
  </Folder>
  <Folder Name="/src/AddIns/DisplayBindings/FormsDesigner/">
    <Project Path="src/AddIns/DisplayBindings/FormsDesigner/Project/FormsDesigner.csproj" />
    <Project Path="src/AddIns/DisplayBindings/FormsDesigner/Host/FormsDesigner.Host.csproj" />
    <Project Path="src/AddIns/DisplayBindings/FormsDesigner/Remote/FormsDesigner.Remote.csproj" />
    <Project Path="src/AddIns/DisplayBindings/FormsDesigner/Host.Tests/FormsDesigner.Host.Tests.csproj" />
  </Folder>
  <Folder Name="/src/AddIns/DisplayBindings/IconEditor/">
    <Project Path="src/AddIns/DisplayBindings/IconEditor/IconEditor.csproj" />
  </Folder>
  <Folder Name="/src/AddIns/DisplayBindings/ClassDiagram/">
    <Project Path="src/AddIns/DisplayBindings/ClassDiagram/Core/ClassDiagram.Core.csproj" />
    <Project Path="src/AddIns/DisplayBindings/ClassDiagram/ClassDiagramAddin/ClassDiagramAddin.csproj" />
  </Folder>
  <Folder Name="/src/AddIns/DisplayBindings/XmlEditor/">
    <Project Path="src/AddIns/DisplayBindings/XmlEditor/Project/XmlEditor.csproj" />
  </Folder>
  <Folder Name="/tests/">
    <Project Path="tests/OpenDevelop.IntegrationTests/OpenDevelop.IntegrationTests.csproj" />
    <Project Path="tests/OpenDevelop.Base.Tests/OpenDevelop.Base.Tests.csproj" />
  </Folder>
  <Folder Name="/src/AddIns/Misc/SearchAndReplace/">
    <Project Path="src/AddIns/Misc/SearchAndReplace/Project/SearchAndReplace.csproj" />
  </Folder>
  <Folder Name="/src/AddIns/Misc/RegExpTk/">
    <Project Path="src/AddIns/Misc/RegExpTk/Project/RegExpTk.csproj" />
  </Folder>
  <Folder Name="/src/AddIns/Misc/TextTemplating/">
    <Project Path="src/AddIns/Misc/TextTemplating/Project/TextTemplating.csproj" />
  </Folder>
  <Folder Name="/src/AddIns/Analysis/UnitTesting/">
    <Project Path="src/AddIns/Analysis/UnitTesting/UnitTesting.csproj" />
  </Folder>
  <Folder Name="/src/AddIns/" />
  <Folder Name="/src/AddIns/Analysis/" />
  <Folder Name="/src/AddIns/Analysis/CodeCoverage/">
    <Project Path="src/AddIns/Analysis/CodeCoverage/Project/CodeCoverage.csproj" />
  </Folder>
  <Folder Name="/src/AddIns/Analysis/CodeQuality/">
    <Project Path="src/AddIns/Analysis/CodeQuality/CodeQuality.csproj" />
  </Folder>
  <Folder Name="/src/AddIns/Misc/" />
  <Folder Name="/src/AddIns/Misc/AddInManager2/">
    <Project Path="src/AddIns/Misc/AddInManager2/Project/AddInManager2.csproj" />
  </Folder>
  <Folder Name="/src/AddIns/Misc/PackageManagement/">
    <Project Path="src/AddIns/Misc/PackageManagement/Project/PackageManagement.csproj" />
    <Project Path="src/AddIns/Misc/PackageManagement/PowerShell/Project/PackageManagement.PowerShell.csproj" />
    <Project Path="src/AddIns/Misc/PackageManagement/Cmdlets/Project/PackageManagement.Cmdlets.csproj" />
  </Folder>
  <Folder Name="/src/AddIns/VersionControl/" />
  <Folder Name="/src/AddIns/VersionControl/GitAddIn/">
    <Project Path="src/AddIns/VersionControl/GitAddIn/GitAddIn.csproj" />
  </Folder>
  <Folder Name="/src/AddIns/Misc/ResourceToolkit/">
    <Project Path="src/AddIns/Misc/ResourceToolkit/Project/ResourceToolkit.csproj" />
  </Folder>
  <Folder Name="/src/AddIns/DisplayBindings/SettingsEditor/">
    <Project Path="src/AddIns/DisplayBindings/SettingsEditor/Project/SettingsEditor.csproj" />
  </Folder>
  <Folder Name="/src/AddIns/BackendBindings/" />
  <Folder Name="/src/AddIns/BackendBindings/AspNetCore/">
    <Project Path="src/AddIns/BackendBindings/AspNetCore/AspNetCore.csproj" />
    <Project Path="src/AddIns/BackendBindings/AspNetCore/Binding/AspNetCore.AddIn.csproj" />
    <Project Path="src/AddIns/BackendBindings/AspNetCore/Tests/AspNetCore.Tests.csproj" />
  </Folder>
  <Folder Name="/src/Samples/" />
  <Folder Name="/src/Samples/AspNetCoreSample/">
    <Project Path="src/Samples/AspNetCoreSample/AspNetCoreSample.csproj" />
  </Folder>
  <Folder Name="/src/AddIns/BackendBindings/CSharpBinding/">
    <Project Path="src/AddIns/BackendBindings/CSharpBinding/Project/CSharpBinding.csproj" />
  </Folder>
  <Folder Name="/src/AddIns/BackendBindings/FSharpBinding/">
    <Project Path="src/AddIns/BackendBindings/FSharpBinding/FSharpBinding.csproj" />
  </Folder>
  <Folder Name="/src/AddIns/BackendBindings/TypeScriptBinding/">
    <Project Path="src/AddIns/BackendBindings/TypeScriptBinding/TypeScriptBinding.csproj" />
  </Folder>
  <Folder Name="/src/AddIns/BackendBindings/CssBinding/">
    <Project Path="src/AddIns/BackendBindings/CssBinding/CssBinding.csproj" />
  </Folder>
  <Folder Name="/src/AddIns/BackendBindings/HtmlBinding/">
    <Project Path="src/AddIns/BackendBindings/HtmlBinding/HtmlBinding.csproj" />
  </Folder>
  <Folder Name="/src/AddIns/BackendBindings/VBBinding/">
    <Project Path="src/AddIns/BackendBindings/VBBinding/Project/VBBinding.vbproj" />
  </Folder>
  <Folder Name="/src/AddIns/BackendBindings/XamlBinding/">
    <Project Path="src/AddIns/BackendBindings/XamlBinding/XamlBinding/XamlBinding.csproj" />
  </Folder>
  <Folder Name="/src/AddIns/DisplayBindings/Data/">
    <Project Path="src/AddIns/DisplayBindings/Data/ICSharpCode.Data.Core/ICSharpCode.Data.Core.csproj" />
    <Project Path="src/AddIns/DisplayBindings/Data/ICSharpCode.Data.Core.UI/ICSharpCode.Data.Core.UI.csproj" />
    <Project Path="src/AddIns/DisplayBindings/Data/ICSharpCode.Data.SQLServer/ICSharpCode.Data.SQLServer.csproj" />
    <Project Path="src/AddIns/DisplayBindings/Data/ICSharpCode.Data.Addin/ICSharpCode.Data.Addin.csproj" />
  </Folder>
  <Project Path="src/Main/Base/Project/ICSharpCode.SharpDevelop.csproj" />
  <Project Path="externals/cps/src/ProjectSystem/Microsoft.VisualStudio.ProjectSystem.Shim.csproj" />
  <Project Path="externals/cps/src/ProjectSystemManaged/Microsoft.VisualStudio.ProjectSystem.Managed.csproj" />
  <Project Path="externals/ilspy/ICSharpCode.Decompiler/ICSharpCode.Decompiler.csproj" />
  <Project Path="externals/vscode-wpf/src/XamlLanguageServer.Wpf/XamlLanguageServer.Wpf.csproj" />
  <Project Path="src/Main/SharpDevelop/SharpDevelop.csproj" />
</Solution>
