
Microsoft Visual Studio Solution File, Format Version 12.00
# Visual Studio Version 17
VisualStudioVersion = 17.0.31903.59
MinimumVisualStudioVersion = 10.0.40219.1
Project("{2150E333-8FDC-42A3-9474-1A3956D46DE8}") = "src", "src", "{827E0CD3-B72D-47B6-A68D-7590B98EB39B}"
EndProject
Project("{2150E333-8FDC-42A3-9474-1A3956D46DE8}") = "Main", "Main", "{ABAA6554-252E-13CE-1B40-0464A7DBA771}"
EndProject
Project("{2150E333-8FDC-42A3-9474-1A3956D46DE8}") = "Core", "Core", "{978DBF4A-E31C-64F9-C1D9-CF872534506F}"
EndProject
Project("{2150E333-8FDC-42A3-9474-1A3956D46DE8}") = "Project", "Project", "{BE60B65A-BB65-9A55-08F8-75095EB198D7}"
EndProject
Project("{FAE04EC0-301F-11D3-BF4B-00C04F79EFBC}") = "ICSharpCode.Core", "src\Main\Core\Project\ICSharpCode.Core.csproj", "{89912265-8453-4EB0-B7F9-1CFBAA6248A6}"
EndProject
Project("{FAE04EC0-301F-11D3-BF4B-00C04F79EFBC}") = "ICSharpCode.Core.Presentation", "src\Main\ICSharpCode.Core.Presentation\ICSharpCode.Core.Presentation.csproj", "{E1DCE000-7B6D-467A-A8CE-3C75594C707B}"
EndProject
Project("{2150E333-8FDC-42A3-9474-1A3956D46DE8}") = "ICSharpCode.SharpDevelop.Widgets", "ICSharpCode.SharpDevelop.Widgets", "{44A6171C-7F86-A2C7-E050-864E41258DCF}"
EndProject
Project("{2150E333-8FDC-42A3-9474-1A3956D46DE8}") = "Project", "Project", "{340CD3D1-5234-754A-70C5-01E3434C6DF2}"
EndProject
Project("{FAE04EC0-301F-11D3-BF4B-00C04F79EFBC}") = "ICSharpCode.SharpDevelop.Widgets", "src\Main\ICSharpCode.SharpDevelop.Widgets\Project\ICSharpCode.SharpDevelop.Widgets.csproj", "{11244547-6A50-4B01-BA51-18E7E1EE25B6}"
EndProject
Project("{2150E333-8FDC-42A3-9474-1A3956D46DE8}") = "Libraries", "Libraries", "{5E7EC0AF-E837-5B7A-FB41-A4DCCA877D1F}"
EndProject
Project("{2150E333-8FDC-42A3-9474-1A3956D46DE8}") = "AvalonDock", "AvalonDock", "{04BE63DC-D725-A4F2-2DF0-B05C77034AD2}"
EndProject
Project("{FAE04EC0-301F-11D3-BF4B-00C04F79EFBC}") = "AvalonDock", "src\Libraries\AvalonDock\AvalonDock\AvalonDock.csproj", "{CEAA841D-F0B1-4D42-BBAE-60A45C769D03}"
EndProject
Project("{FAE04EC0-301F-11D3-BF4B-00C04F79EFBC}") = "AvalonDock.Themes", "src\Libraries\AvalonDock\AvalonDock.Themes\AvalonDock.Themes.csproj", "{762BBDD5-30CE-4E6A-9F36-0C6E6AD2EC71}"
EndProject
Project("{2150E333-8FDC-42A3-9474-1A3956D46DE8}") = "AvalonEdit", "AvalonEdit", "{C5BE5485-3D27-FF6A-75D3-41DEB1CE9C23}"
EndProject
Project("{FAE04EC0-301F-11D3-BF4B-00C04F79EFBC}") = "ICSharpCode.AvalonEdit", "src\Libraries\AvalonEdit\ICSharpCode.AvalonEdit\ICSharpCode.AvalonEdit.csproj", "{A12D291D-85DD-447A-8F24-C0203BC01CEF}"
EndProject
Project("{FAE04EC0-301F-11D3-BF4B-00C04F79EFBC}") = "ICSharpCode.TypeSystem.Abstractions", "src\Libraries\ICSharpCode.TypeSystem.Abstractions\ICSharpCode.TypeSystem.Abstractions.csproj", "{324F361C-5C4D-486C-90FF-F3D3DF8F0F64}"
EndProject
Project("{FAE04EC0-301F-11D3-BF4B-00C04F79EFBC}") = "ICSharpCode.SharpDevelop", "src\Main\Base\Project\ICSharpCode.SharpDevelop.csproj", "{7F3A9B1E-4C2D-4A6E-9F1B-2E8D6C5A0B71}"
EndProject
Project("{FAE04EC0-301F-11D3-BF4B-00C04F79EFBC}") = "SharpDevelop", "src\Main\SharpDevelop\SharpDevelop.csproj", "{9F6C3E42-2A74-4D2A-9F52-1E7D4B6C830A}"
EndProject
Project("{FAE04EC0-301F-11D3-BF4B-00C04F79EFBC}") = "Microsoft.VisualStudio.ProjectSystem.Shim", "src\Main\ProjectSystem\Microsoft.VisualStudio.ProjectSystem.Shim.csproj", "{1A2B3C4D-5E6F-4A7B-8C9D-0E1F2A3B4C5D}"
EndProject
Project("{FAE04EC0-301F-11D3-BF4B-00C04F79EFBC}") = "Microsoft.VisualStudio.ProjectSystem.Managed", "src\Main\ProjectSystemManaged\Microsoft.VisualStudio.ProjectSystem.Managed.csproj", "{2B3C4D5E-6F7A-4B8C-9D0E-1F2A3B4C5D6E}"
EndProject
Global
	GlobalSection(SolutionConfigurationPlatforms) = preSolution
		Debug|Any CPU = Debug|Any CPU
		Debug|x64 = Debug|x64
		Debug|x86 = Debug|x86
		Release|Any CPU = Release|Any CPU
		Release|x64 = Release|x64
		Release|x86 = Release|x86
	EndGlobalSection
	GlobalSection(ProjectConfigurationPlatforms) = postSolution
		{89912265-8453-4EB0-B7F9-1CFBAA6248A6}.Debug|Any CPU.ActiveCfg = Debug|Any CPU
		{89912265-8453-4EB0-B7F9-1CFBAA6248A6}.Debug|Any CPU.Build.0 = Debug|Any CPU
		{89912265-8453-4EB0-B7F9-1CFBAA6248A6}.Debug|x64.ActiveCfg = Debug|Any CPU
		{89912265-8453-4EB0-B7F9-1CFBAA6248A6}.Debug|x64.Build.0 = Debug|Any CPU
		{89912265-8453-4EB0-B7F9-1CFBAA6248A6}.Debug|x86.ActiveCfg = Debug|Any CPU
		{89912265-8453-4EB0-B7F9-1CFBAA6248A6}.Debug|x86.Build.0 = Debug|Any CPU
		{89912265-8453-4EB0-B7F9-1CFBAA6248A6}.Release|Any CPU.ActiveCfg = Release|Any CPU
		{89912265-8453-4EB0-B7F9-1CFBAA6248A6}.Release|Any CPU.Build.0 = Release|Any CPU
		{89912265-8453-4EB0-B7F9-1CFBAA6248A6}.Release|x64.ActiveCfg = Release|Any CPU
		{89912265-8453-4EB0-B7F9-1CFBAA6248A6}.Release|x64.Build.0 = Release|Any CPU
		{89912265-8453-4EB0-B7F9-1CFBAA6248A6}.Release|x86.ActiveCfg = Release|Any CPU
		{89912265-8453-4EB0-B7F9-1CFBAA6248A6}.Release|x86.Build.0 = Release|Any CPU
		{E1DCE000-7B6D-467A-A8CE-3C75594C707B}.Debug|Any CPU.ActiveCfg = Debug|Any CPU
		{E1DCE000-7B6D-467A-A8CE-3C75594C707B}.Debug|Any CPU.Build.0 = Debug|Any CPU
		{E1DCE000-7B6D-467A-A8CE-3C75594C707B}.Debug|x64.ActiveCfg = Debug|Any CPU
		{E1DCE000-7B6D-467A-A8CE-3C75594C707B}.Debug|x64.Build.0 = Debug|Any CPU
		{E1DCE000-7B6D-467A-A8CE-3C75594C707B}.Debug|x86.ActiveCfg = Debug|Any CPU
		{E1DCE000-7B6D-467A-A8CE-3C75594C707B}.Debug|x86.Build.0 = Debug|Any CPU
		{E1DCE000-7B6D-467A-A8CE-3C75594C707B}.Release|Any CPU.ActiveCfg = Release|Any CPU
		{E1DCE000-7B6D-467A-A8CE-3C75594C707B}.Release|Any CPU.Build.0 = Release|Any CPU
		{E1DCE000-7B6D-467A-A8CE-3C75594C707B}.Release|x64.ActiveCfg = Release|Any CPU
		{E1DCE000-7B6D-467A-A8CE-3C75594C707B}.Release|x64.Build.0 = Release|Any CPU
		{E1DCE000-7B6D-467A-A8CE-3C75594C707B}.Release|x86.ActiveCfg = Release|Any CPU
		{E1DCE000-7B6D-467A-A8CE-3C75594C707B}.Release|x86.Build.0 = Release|Any CPU
		{11244547-6A50-4B01-BA51-18E7E1EE25B6}.Debug|Any CPU.ActiveCfg = Debug|Any CPU
		{11244547-6A50-4B01-BA51-18E7E1EE25B6}.Debug|Any CPU.Build.0 = Debug|Any CPU
		{11244547-6A50-4B01-BA51-18E7E1EE25B6}.Debug|x64.ActiveCfg = Debug|Any CPU
		{11244547-6A50-4B01-BA51-18E7E1EE25B6}.Debug|x64.Build.0 = Debug|Any CPU
		{11244547-6A50-4B01-BA51-18E7E1EE25B6}.Debug|x86.ActiveCfg = Debug|Any CPU
		{11244547-6A50-4B01-BA51-18E7E1EE25B6}.Debug|x86.Build.0 = Debug|Any CPU
		{11244547-6A50-4B01-BA51-18E7E1EE25B6}.Release|Any CPU.ActiveCfg = Release|Any CPU
		{11244547-6A50-4B01-BA51-18E7E1EE25B6}.Release|Any CPU.Build.0 = Release|Any CPU
		{11244547-6A50-4B01-BA51-18E7E1EE25B6}.Release|x64.ActiveCfg = Release|Any CPU
		{11244547-6A50-4B01-BA51-18E7E1EE25B6}.Release|x64.Build.0 = Release|Any CPU
		{11244547-6A50-4B01-BA51-18E7E1EE25B6}.Release|x86.ActiveCfg = Release|Any CPU
		{11244547-6A50-4B01-BA51-18E7E1EE25B6}.Release|x86.Build.0 = Release|Any CPU
		{CEAA841D-F0B1-4D42-BBAE-60A45C769D03}.Debug|Any CPU.ActiveCfg = Debug|Any CPU
		{CEAA841D-F0B1-4D42-BBAE-60A45C769D03}.Debug|Any CPU.Build.0 = Debug|Any CPU
		{CEAA841D-F0B1-4D42-BBAE-60A45C769D03}.Debug|x64.ActiveCfg = Debug|Any CPU
		{CEAA841D-F0B1-4D42-BBAE-60A45C769D03}.Debug|x64.Build.0 = Debug|Any CPU
		{CEAA841D-F0B1-4D42-BBAE-60A45C769D03}.Debug|x86.ActiveCfg = Debug|Any CPU
		{CEAA841D-F0B1-4D42-BBAE-60A45C769D03}.Debug|x86.Build.0 = Debug|Any CPU
		{CEAA841D-F0B1-4D42-BBAE-60A45C769D03}.Release|Any CPU.ActiveCfg = Release|Any CPU
		{CEAA841D-F0B1-4D42-BBAE-60A45C769D03}.Release|Any CPU.Build.0 = Release|Any CPU
		{CEAA841D-F0B1-4D42-BBAE-60A45C769D03}.Release|x64.ActiveCfg = Release|Any CPU
		{CEAA841D-F0B1-4D42-BBAE-60A45C769D03}.Release|x64.Build.0 = Release|Any CPU
		{CEAA841D-F0B1-4D42-BBAE-60A45C769D03}.Release|x86.ActiveCfg = Release|Any CPU
		{CEAA841D-F0B1-4D42-BBAE-60A45C769D03}.Release|x86.Build.0 = Release|Any CPU
		{762BBDD5-30CE-4E6A-9F36-0C6E6AD2EC71}.Debug|Any CPU.ActiveCfg = Debug|Any CPU
		{762BBDD5-30CE-4E6A-9F36-0C6E6AD2EC71}.Debug|Any CPU.Build.0 = Debug|Any CPU
		{762BBDD5-30CE-4E6A-9F36-0C6E6AD2EC71}.Debug|x64.ActiveCfg = Debug|Any CPU
		{762BBDD5-30CE-4E6A-9F36-0C6E6AD2EC71}.Debug|x64.Build.0 = Debug|Any CPU
		{762BBDD5-30CE-4E6A-9F36-0C6E6AD2EC71}.Debug|x86.ActiveCfg = Debug|Any CPU
		{762BBDD5-30CE-4E6A-9F36-0C6E6AD2EC71}.Debug|x86.Build.0 = Debug|Any CPU
		{762BBDD5-30CE-4E6A-9F36-0C6E6AD2EC71}.Release|Any CPU.ActiveCfg = Release|Any CPU
		{762BBDD5-30CE-4E6A-9F36-0C6E6AD2EC71}.Release|Any CPU.Build.0 = Release|Any CPU
		{762BBDD5-30CE-4E6A-9F36-0C6E6AD2EC71}.Release|x64.ActiveCfg = Release|Any CPU
		{762BBDD5-30CE-4E6A-9F36-0C6E6AD2EC71}.Release|x64.Build.0 = Release|Any CPU
		{762BBDD5-30CE-4E6A-9F36-0C6E6AD2EC71}.Release|x86.ActiveCfg = Release|Any CPU
		{762BBDD5-30CE-4E6A-9F36-0C6E6AD2EC71}.Release|x86.Build.0 = Release|Any CPU
		{A12D291D-85DD-447A-8F24-C0203BC01CEF}.Debug|Any CPU.ActiveCfg = Debug|Any CPU
		{A12D291D-85DD-447A-8F24-C0203BC01CEF}.Debug|Any CPU.Build.0 = Debug|Any CPU
		{A12D291D-85DD-447A-8F24-C0203BC01CEF}.Debug|x64.ActiveCfg = Debug|Any CPU
		{A12D291D-85DD-447A-8F24-C0203BC01CEF}.Debug|x64.Build.0 = Debug|Any CPU
		{A12D291D-85DD-447A-8F24-C0203BC01CEF}.Debug|x86.ActiveCfg = Debug|Any CPU
		{A12D291D-85DD-447A-8F24-C0203BC01CEF}.Debug|x86.Build.0 = Debug|Any CPU
		{A12D291D-85DD-447A-8F24-C0203BC01CEF}.Release|Any CPU.ActiveCfg = Release|Any CPU
		{A12D291D-85DD-447A-8F24-C0203BC01CEF}.Release|Any CPU.Build.0 = Release|Any CPU
		{A12D291D-85DD-447A-8F24-C0203BC01CEF}.Release|x64.ActiveCfg = Release|Any CPU
		{A12D291D-85DD-447A-8F24-C0203BC01CEF}.Release|x64.Build.0 = Release|Any CPU
		{A12D291D-85DD-447A-8F24-C0203BC01CEF}.Release|x86.ActiveCfg = Release|Any CPU
		{A12D291D-85DD-447A-8F24-C0203BC01CEF}.Release|x86.Build.0 = Release|Any CPU
		{324F361C-5C4D-486C-90FF-F3D3DF8F0F64}.Debug|Any CPU.ActiveCfg = Debug|Any CPU
		{324F361C-5C4D-486C-90FF-F3D3DF8F0F64}.Debug|Any CPU.Build.0 = Debug|Any CPU
		{324F361C-5C4D-486C-90FF-F3D3DF8F0F64}.Debug|x64.ActiveCfg = Debug|Any CPU
		{324F361C-5C4D-486C-90FF-F3D3DF8F0F64}.Debug|x64.Build.0 = Debug|Any CPU
		{324F361C-5C4D-486C-90FF-F3D3DF8F0F64}.Debug|x86.ActiveCfg = Debug|Any CPU
		{324F361C-5C4D-486C-90FF-F3D3DF8F0F64}.Debug|x86.Build.0 = Debug|Any CPU
		{324F361C-5C4D-486C-90FF-F3D3DF8F0F64}.Release|Any CPU.ActiveCfg = Release|Any CPU
		{324F361C-5C4D-486C-90FF-F3D3DF8F0F64}.Release|Any CPU.Build.0 = Release|Any CPU
		{324F361C-5C4D-486C-90FF-F3D3DF8F0F64}.Release|x64.ActiveCfg = Release|Any CPU
		{324F361C-5C4D-486C-90FF-F3D3DF8F0F64}.Release|x64.Build.0 = Release|Any CPU
		{324F361C-5C4D-486C-90FF-F3D3DF8F0F64}.Release|x86.ActiveCfg = Release|Any CPU
		{324F361C-5C4D-486C-90FF-F3D3DF8F0F64}.Release|x86.Build.0 = Release|Any CPU
		{7F3A9B1E-4C2D-4A6E-9F1B-2E8D6C5A0B71}.Debug|Any CPU.ActiveCfg = Debug|Any CPU
		{7F3A9B1E-4C2D-4A6E-9F1B-2E8D6C5A0B71}.Debug|Any CPU.Build.0 = Debug|Any CPU
		{7F3A9B1E-4C2D-4A6E-9F1B-2E8D6C5A0B71}.Debug|x64.ActiveCfg = Debug|Any CPU
		{7F3A9B1E-4C2D-4A6E-9F1B-2E8D6C5A0B71}.Debug|x64.Build.0 = Debug|Any CPU
		{7F3A9B1E-4C2D-4A6E-9F1B-2E8D6C5A0B71}.Debug|x86.ActiveCfg = Debug|Any CPU
		{7F3A9B1E-4C2D-4A6E-9F1B-2E8D6C5A0B71}.Debug|x86.Build.0 = Debug|Any CPU
		{7F3A9B1E-4C2D-4A6E-9F1B-2E8D6C5A0B71}.Release|Any CPU.ActiveCfg = Release|Any CPU
		{7F3A9B1E-4C2D-4A6E-9F1B-2E8D6C5A0B71}.Release|Any CPU.Build.0 = Release|Any CPU
		{7F3A9B1E-4C2D-4A6E-9F1B-2E8D6C5A0B71}.Release|x64.ActiveCfg = Release|Any CPU
		{7F3A9B1E-4C2D-4A6E-9F1B-2E8D6C5A0B71}.Release|x64.Build.0 = Release|Any CPU
		{7F3A9B1E-4C2D-4A6E-9F1B-2E8D6C5A0B71}.Release|x86.ActiveCfg = Release|Any CPU
		{7F3A9B1E-4C2D-4A6E-9F1B-2E8D6C5A0B71}.Release|x86.Build.0 = Release|Any CPU
		{9F6C3E42-2A74-4D2A-9F52-1E7D4B6C830A}.Debug|Any CPU.ActiveCfg = Debug|Any CPU
		{9F6C3E42-2A74-4D2A-9F52-1E7D4B6C830A}.Debug|Any CPU.Build.0 = Debug|Any CPU
		{9F6C3E42-2A74-4D2A-9F52-1E7D4B6C830A}.Debug|x64.ActiveCfg = Debug|Any CPU
		{9F6C3E42-2A74-4D2A-9F52-1E7D4B6C830A}.Debug|x64.Build.0 = Debug|Any CPU
		{9F6C3E42-2A74-4D2A-9F52-1E7D4B6C830A}.Debug|x86.ActiveCfg = Debug|Any CPU
		{9F6C3E42-2A74-4D2A-9F52-1E7D4B6C830A}.Debug|x86.Build.0 = Debug|Any CPU
		{9F6C3E42-2A74-4D2A-9F52-1E7D4B6C830A}.Release|Any CPU.ActiveCfg = Release|Any CPU
		{9F6C3E42-2A74-4D2A-9F52-1E7D4B6C830A}.Release|Any CPU.Build.0 = Release|Any CPU
		{9F6C3E42-2A74-4D2A-9F52-1E7D4B6C830A}.Release|x64.ActiveCfg = Release|Any CPU
		{9F6C3E42-2A74-4D2A-9F52-1E7D4B6C830A}.Release|x64.Build.0 = Release|Any CPU
		{9F6C3E42-2A74-4D2A-9F52-1E7D4B6C830A}.Release|x86.ActiveCfg = Release|Any CPU
		{9F6C3E42-2A74-4D2A-9F52-1E7D4B6C830A}.Release|x86.Build.0 = Release|Any CPU
		{1A2B3C4D-5E6F-4A7B-8C9D-0E1F2A3B4C5D}.Debug|Any CPU.ActiveCfg = Debug|Any CPU
		{1A2B3C4D-5E6F-4A7B-8C9D-0E1F2A3B4C5D}.Debug|Any CPU.Build.0 = Debug|Any CPU
		{1A2B3C4D-5E6F-4A7B-8C9D-0E1F2A3B4C5D}.Debug|x64.ActiveCfg = Debug|Any CPU
		{1A2B3C4D-5E6F-4A7B-8C9D-0E1F2A3B4C5D}.Debug|x64.Build.0 = Debug|Any CPU
		{1A2B3C4D-5E6F-4A7B-8C9D-0E1F2A3B4C5D}.Debug|x86.ActiveCfg = Debug|Any CPU
		{1A2B3C4D-5E6F-4A7B-8C9D-0E1F2A3B4C5D}.Debug|x86.Build.0 = Debug|Any CPU
		{1A2B3C4D-5E6F-4A7B-8C9D-0E1F2A3B4C5D}.Release|Any CPU.ActiveCfg = Release|Any CPU
		{1A2B3C4D-5E6F-4A7B-8C9D-0E1F2A3B4C5D}.Release|Any CPU.Build.0 = Release|Any CPU
		{1A2B3C4D-5E6F-4A7B-8C9D-0E1F2A3B4C5D}.Release|x64.ActiveCfg = Release|Any CPU
		{1A2B3C4D-5E6F-4A7B-8C9D-0E1F2A3B4C5D}.Release|x64.Build.0 = Release|Any CPU
		{1A2B3C4D-5E6F-4A7B-8C9D-0E1F2A3B4C5D}.Release|x86.ActiveCfg = Release|Any CPU
		{1A2B3C4D-5E6F-4A7B-8C9D-0E1F2A3B4C5D}.Release|x86.Build.0 = Release|Any CPU
		{2B3C4D5E-6F7A-4B8C-9D0E-1F2A3B4C5D6E}.Debug|Any CPU.ActiveCfg = Debug|Any CPU
		{2B3C4D5E-6F7A-4B8C-9D0E-1F2A3B4C5D6E}.Debug|Any CPU.Build.0 = Debug|Any CPU
		{2B3C4D5E-6F7A-4B8C-9D0E-1F2A3B4C5D6E}.Debug|x64.ActiveCfg = Debug|Any CPU
		{2B3C4D5E-6F7A-4B8C-9D0E-1F2A3B4C5D6E}.Debug|x64.Build.0 = Debug|Any CPU
		{2B3C4D5E-6F7A-4B8C-9D0E-1F2A3B4C5D6E}.Debug|x86.ActiveCfg = Debug|Any CPU
		{2B3C4D5E-6F7A-4B8C-9D0E-1F2A3B4C5D6E}.Debug|x86.Build.0 = Debug|Any CPU
		{2B3C4D5E-6F7A-4B8C-9D0E-1F2A3B4C5D6E}.Release|Any CPU.ActiveCfg = Release|Any CPU
		{2B3C4D5E-6F7A-4B8C-9D0E-1F2A3B4C5D6E}.Release|Any CPU.Build.0 = Release|Any CPU
		{2B3C4D5E-6F7A-4B8C-9D0E-1F2A3B4C5D6E}.Release|x64.ActiveCfg = Release|Any CPU
		{2B3C4D5E-6F7A-4B8C-9D0E-1F2A3B4C5D6E}.Release|x64.Build.0 = Release|Any CPU
		{2B3C4D5E-6F7A-4B8C-9D0E-1F2A3B4C5D6E}.Release|x86.ActiveCfg = Release|Any CPU
		{2B3C4D5E-6F7A-4B8C-9D0E-1F2A3B4C5D6E}.Release|x86.Build.0 = Release|Any CPU
	EndGlobalSection
	GlobalSection(SolutionProperties) = preSolution
		HideSolutionNode = FALSE
	EndGlobalSection
	GlobalSection(NestedProjects) = preSolution
		{ABAA6554-252E-13CE-1B40-0464A7DBA771} = {827E0CD3-B72D-47B6-A68D-7590B98EB39B}
		{978DBF4A-E31C-64F9-C1D9-CF872534506F} = {ABAA6554-252E-13CE-1B40-0464A7DBA771}
		{BE60B65A-BB65-9A55-08F8-75095EB198D7} = {978DBF4A-E31C-64F9-C1D9-CF872534506F}
		{89912265-8453-4EB0-B7F9-1CFBAA6248A6} = {BE60B65A-BB65-9A55-08F8-75095EB198D7}
		{E1DCE000-7B6D-467A-A8CE-3C75594C707B} = {ABAA6554-252E-13CE-1B40-0464A7DBA771}
		{44A6171C-7F86-A2C7-E050-864E41258DCF} = {ABAA6554-252E-13CE-1B40-0464A7DBA771}
		{340CD3D1-5234-754A-70C5-01E3434C6DF2} = {44A6171C-7F86-A2C7-E050-864E41258DCF}
		{11244547-6A50-4B01-BA51-18E7E1EE25B6} = {340CD3D1-5234-754A-70C5-01E3434C6DF2}
		{5E7EC0AF-E837-5B7A-FB41-A4DCCA877D1F} = {827E0CD3-B72D-47B6-A68D-7590B98EB39B}
		{04BE63DC-D725-A4F2-2DF0-B05C77034AD2} = {5E7EC0AF-E837-5B7A-FB41-A4DCCA877D1F}
		{CEAA841D-F0B1-4D42-BBAE-60A45C769D03} = {04BE63DC-D725-A4F2-2DF0-B05C77034AD2}
		{762BBDD5-30CE-4E6A-9F36-0C6E6AD2EC71} = {04BE63DC-D725-A4F2-2DF0-B05C77034AD2}
		{C5BE5485-3D27-FF6A-75D3-41DEB1CE9C23} = {5E7EC0AF-E837-5B7A-FB41-A4DCCA877D1F}
		{A12D291D-85DD-447A-8F24-C0203BC01CEF} = {C5BE5485-3D27-FF6A-75D3-41DEB1CE9C23}
		{324F361C-5C4D-486C-90FF-F3D3DF8F0F64} = {5E7EC0AF-E837-5B7A-FB41-A4DCCA877D1F}
	EndGlobalSection
EndGlobal
