<Solution>
  <Configurations>
    <Platform Name="Any CPU" />
    <Platform Name="x64" />
    <Platform Name="x86" />
  </Configurations>
  <Folder Name="/src/" />
  <Folder Name="/src/Libraries/">
    <Project Path="src/Libraries/ICSharpCode.TypeSystem.Abstractions/ICSharpCode.TypeSystem.Abstractions.csproj" />
  </Folder>
  <Folder Name="/src/Libraries/AvalonDock/">
    <Project Path="src/Libraries/AvalonDock/source/Components/AvalonDock.Serializer.Xml/AvalonDock.Serializer.Xml.csproj" />
    <Project Path="src/Libraries/AvalonDock/source/Components/AvalonDock/AvalonDock.csproj" />
  </Folder>
  <Folder Name="/src/Libraries/AvalonEdit/">
    <Project Path="src/Libraries/AvalonEdit/ICSharpCode.AvalonEdit/ICSharpCode.AvalonEdit.csproj" />
  </Folder>
  <Folder Name="/src/Main/">
    <Project Path="src/Main/ICSharpCode.Core.Presentation/ICSharpCode.Core.Presentation.csproj" />
  </Folder>
  <Folder Name="/src/Main/Core/" />
  <Folder Name="/src/Main/Core/Project/">
    <Project Path="src/Main/Core/Project/ICSharpCode.Core.csproj" />
  </Folder>
  <Folder Name="/src/Main/ICSharpCode.SharpDevelop.Widgets/" />
  <Folder Name="/src/AddIns/Misc/StartPage/">
    <Project Path="src/AddIns/Misc/StartPage/Project/StartPage.csproj" />
  </Folder>
  <Folder Name="/src/AddIns/Debugger/">
    <Project Path="src/AddIns/Debugger/Debugger.AddIn/Debugger.AddIn.csproj" />
  </Folder>
  <Folder Name="/src/AddIns/DisplayBindings/AvalonEdit.AddIn/">
    <Project Path="src/AddIns/DisplayBindings/AvalonEdit.AddIn/AvalonEdit.AddIn.csproj" />
  </Folder>
  <Folder Name="/src/AddIns/DisplayBindings/ILSpyAddIn/">
    <Project Path="src/AddIns/DisplayBindings/ILSpyAddIn/ILSpyAddIn.csproj" />
  </Folder>
  <Folder Name="/src/AddIns/DisplayBindings/WpfDesign/">
    <Project Path="src/AddIns/DisplayBindings/WpfDesign/WpfDesign.AddIn/WpfDesign.AddIn.csproj" />
  </Folder>
  <Folder Name="/src/AddIns/DisplayBindings/IconEditor/">
    <Project Path="src/AddIns/DisplayBindings/IconEditor/IconEditor.csproj" />
  </Folder>
  <Folder Name="/tests/">
    <Project Path="tests/OpenDevelop.IntegrationTests/OpenDevelop.IntegrationTests.csproj" />
  </Folder>
  <Folder Name="/src/AddIns/Misc/SearchAndReplace/">
    <Project Path="src/AddIns/Misc/SearchAndReplace/Project/SearchAndReplace.csproj" />
  </Folder>
  <Folder Name="/src/AddIns/Misc/RegExpTk/">
    <Project Path="src/AddIns/Misc/RegExpTk/Project/RegExpTk.csproj" />
  </Folder>
  <Folder Name="/src/AddIns/Misc/TextTemplating/">
    <Project Path="src/AddIns/Misc/TextTemplating/Project/TextTemplating.csproj" />
  </Folder>
  <Folder Name="/src/AddIns/Analysis/UnitTesting/">
    <Project Path="src/AddIns/Analysis/UnitTesting/UnitTesting.csproj" />
  </Folder>
  <Folder Name="/src/AddIns/Analysis/CodeCoverage/">
    <Project Path="src/AddIns/Analysis/CodeCoverage/Project/CodeCoverage.csproj" />
  </Folder>
  <Folder Name="/src/AddIns/Misc/AddInManager2/">
    <Project Path="src/AddIns/Misc/AddInManager2/Project/AddInManager2.csproj" />
  </Folder>
  <Folder Name="/src/AddIns/Misc/PackageManagement/">
    <Project Path="src/AddIns/Misc/PackageManagement/Project/PackageManagement.csproj" />
    <Project Path="src/AddIns/Misc/PackageManagement/PowerShell/Project/PackageManagement.PowerShell.csproj" />
    <Project Path="src/AddIns/Misc/PackageManagement/Cmdlets/Project/PackageManagement.Cmdlets.csproj" />
  </Folder>
  <Folder Name="/src/AddIns/VersionControl/GitAddIn/">
    <Project Path="src/AddIns/VersionControl/GitAddIn/GitAddIn.csproj" />
  </Folder>
  <Folder Name="/src/AddIns/Misc/ResourceToolkit/">
    <Project Path="src/AddIns/Misc/ResourceToolkit/Project/ResourceToolkit.csproj" />
  </Folder>
  <Folder Name="/src/AddIns/DisplayBindings/SettingsEditor/">
    <Project Path="src/AddIns/DisplayBindings/SettingsEditor/Project/SettingsEditor.csproj" />
  </Folder>
  <Folder Name="/src/AddIns/BackendBindings/FSharpBinding/">
    <Project Path="src/AddIns/BackendBindings/FSharpBinding/FSharpBinding.csproj" />
  </Folder>
  <Folder Name="/src/AddIns/BackendBindings/VBBinding/">
    <Project Path="src/AddIns/BackendBindings/VBBinding/Project/VBBinding.vbproj" />
  </Folder>
  <Folder Name="/src/AddIns/DisplayBindings/Data/">
    <Project Path="src/AddIns/DisplayBindings/Data/ICSharpCode.Data.Core/ICSharpCode.Data.Core.csproj" />
    <Project Path="src/AddIns/DisplayBindings/Data/ICSharpCode.Data.Core.UI/ICSharpCode.Data.Core.UI.csproj" />
    <Project Path="src/AddIns/DisplayBindings/Data/ICSharpCode.Data.SQLServer/ICSharpCode.Data.SQLServer.csproj" />
    <Project Path="src/AddIns/DisplayBindings/Data/ICSharpCode.Data.Addin/ICSharpCode.Data.Addin.csproj" />
  </Folder>
  <Project Path="src/Main/Base/Project/ICSharpCode.SharpDevelop.csproj" />
  <Project Path="externals/cps/src/ProjectSystem/Microsoft.VisualStudio.ProjectSystem.Shim.csproj" />
  <Project Path="externals/cps/src/ProjectSystemManaged/Microsoft.VisualStudio.ProjectSystem.Managed.csproj" />
  <Project Path="externals/ilspy/ICSharpCode.Decompiler/ICSharpCode.Decompiler.csproj" />
  <Project Path="src/Main/SharpDevelop/SharpDevelop.csproj" />
</Solution>
